
Microsoft Visual Studio Solution File, Format Version 12.00
# Visual Studio Version 17
VisualStudioVersion = 17.9.34607.119
MinimumVisualStudioVersion = 10.0.40219.1
Project("{2150E333-8FDC-42A3-9474-1A3956D46DE8}") = "Services", "Services", "{36F9BA8B-AF5E-4B0A-95DD-14BA1BC7E483}"
EndProject
Project("{2150E333-8FDC-42A3-9474-1A3956D46DE8}") = "Catalog", "Catalog", "{074C3A3C-0D54-4E3E-89B7-CD5BDCF9681C}"
EndProject
Project("{9A19103F-16F7-4668-BE54-9A1E7A4F7556}") = "Catalog.API", "Services\Catalog\Catalog.API\Catalog.API.csproj", "{FED69660-512F-49A9-B9CC-5D5C48DC7910}"
EndProject
Project("{2150E333-8FDC-42A3-9474-1A3956D46DE8}") = "BuildingBlocks", "BuildingBlocks", "{353E20B4-5E1D-47F6-904D-036CAE97A3BD}"
EndProject
Project("{9A19103F-16F7-4668-BE54-9A1E7A4F7556}") = "BuildingBlocks", "BuildingBlocks\BuildingBlocks\BuildingBlocks.csproj", "{AE41F1C0-4C94-43A5-86AE-DC1D63566E49}"
EndProject
Project("{E53339B2-1760-4266-BCC7-CA923CBCF16C}") = "docker-compose", "docker-compose.dcproj", "{DF8C650F-9D06-4B22-9704-85AE8D103FA5}"
EndProject
Project("{2150E333-8FDC-42A3-9474-1A3956D46DE8}") = "Basket", "Basket", "{BA24E264-4C40-494A-8CAE-FC0B838D32BB}"
EndProject
Project("{9A19103F-16F7-4668-BE54-9A1E7A4F7556}") = "Basket.API", "Services\Basket\Basket.API\Basket.API.csproj", "{281D5254-BD7C-492B-B6BF-46E1F01B7DCF}"
EndProject
Project("{2150E333-8FDC-42A3-9474-1A3956D46DE8}") = "Discount", "Discount", "{5DB9CFC8-083F-4CBC-9DC4-04EDD1A81786}"
EndProject
Project("{9A19103F-16F7-4668-BE54-9A1E7A4F7556}") = "Discount.Grpc", "Services\Discount\Discount.Grpc\Discount.Grpc.csproj", "{C31238C9-C7B1-465F-A736-B1EF0B971050}"
EndProject
Project("{2150E333-8FDC-42A3-9474-1A3956D46DE8}") = "Ordering", "Ordering", "{3168949B-5A9B-487C-BA1A-EBF063B2DF18}"
EndProject
Project("{9A19103F-16F7-4668-BE54-9A1E7A4F7556}") = "Ordering.API", "Services\Ordering\Ordering.API\Ordering.API.csproj", "{00DC4E43-FD1A-4B76-A544-BBB02AA8382E}"
EndProject
Project("{9A19103F-16F7-4668-BE54-9A1E7A4F7556}") = "Ordering.Domain", "Services\Ordering\Ordering.Domain\Ordering.Domain.csproj", "{35BF1A19-A7E1-43A9-BC68-1541D3F22A9B}"
EndProject
Project("{9A19103F-16F7-4668-BE54-9A1E7A4F7556}") = "Ordering.Application", "Services\Ordering\Ordering.Application\Ordering.Application.csproj", "{6E8AEB73-17FD-49BE-B008-9AC53DA662D8}"
EndProject
Project("{9A19103F-16F7-4668-BE54-9A1E7A4F7556}") = "Ordering.Infrastructure", "Services\Ordering\Ordering.Infrastructure\Ordering.Infrastructure.csproj", "{71C78967-2E6D-4195-8702-6D28A07C3D39}"
EndProject
Project("{FAE04EC0-301F-11D3-BF4B-00C04F79EFBC}") = "BuildingBlocks.Messaging", "BuildingBlocks\BuildingBlocks.Messaging\BuildingBlocks.Messaging.csproj", "{226B9E72-48CF-486C-ABBE-6A79E494DE39}"
EndProject
Global
	GlobalSection(SolutionConfigurationPlatforms) = preSolution
		Debug|Any CPU = Debug|Any CPU
		Release|Any CPU = Release|Any CPU
	EndGlobalSection
	GlobalSection(ProjectConfigurationPlatforms) = postSolution
		{FED69660-512F-49A9-B9CC-5D5C48DC7910}.Debug|Any CPU.ActiveCfg = Debug|Any CPU
		{FED69660-512F-49A9-B9CC-5D5C48DC7910}.Debug|Any CPU.Build.0 = Debug|Any CPU
		{FED69660-512F-49A9-B9CC-5D5C48DC7910}.Release|Any CPU.ActiveCfg = Release|Any CPU
		{FED69660-512F-49A9-B9CC-5D5C48DC7910}.Release|Any CPU.Build.0 = Release|Any CPU
		{AE41F1C0-4C94-43A5-86AE-DC1D63566E49}.Debug|Any CPU.ActiveCfg = Debug|Any CPU
		{AE41F1C0-4C94-43A5-86AE-DC1D63566E49}.Debug|Any CPU.Build.0 = Debug|Any CPU
		{AE41F1C0-4C94-43A5-86AE-DC1D63566E49}.Release|Any CPU.ActiveCfg = Release|Any CPU
		{AE41F1C0-4C94-43A5-86AE-DC1D63566E49}.Release|Any CPU.Build.0 = Release|Any CPU
		{DF8C650F-9D06-4B22-9704-85AE8D103FA5}.Debug|Any CPU.ActiveCfg = Debug|Any CPU
		{DF8C650F-9D06-4B22-9704-85AE8D103FA5}.Debug|Any CPU.Build.0 = Debug|Any CPU
		{DF8C650F-9D06-4B22-9704-85AE8D103FA5}.Release|Any CPU.ActiveCfg = Release|Any CPU
		{DF8C650F-9D06-4B22-9704-85AE8D103FA5}.Release|Any CPU.Build.0 = Release|Any CPU
		{281D5254-BD7C-492B-B6BF-46E1F01B7DCF}.Debug|Any CPU.ActiveCfg = Debug|Any CPU
		{281D5254-BD7C-492B-B6BF-46E1F01B7DCF}.Debug|Any CPU.Build.0 = Debug|Any CPU
		{281D5254-BD7C-492B-B6BF-46E1F01B7DCF}.Release|Any CPU.ActiveCfg = Release|Any CPU
		{281D5254-BD7C-492B-B6BF-46E1F01B7DCF}.Release|Any CPU.Build.0 = Release|Any CPU
		{C31238C9-C7B1-465F-A736-B1EF0B971050}.Debug|Any CPU.ActiveCfg = Debug|Any CPU
		{C31238C9-C7B1-465F-A736-B1EF0B971050}.Debug|Any CPU.Build.0 = Debug|Any CPU
		{C31238C9-C7B1-465F-A736-B1EF0B971050}.Release|Any CPU.ActiveCfg = Release|Any CPU
		{C31238C9-C7B1-465F-A736-B1EF0B971050}.Release|Any CPU.Build.0 = Release|Any CPU
		{00DC4E43-FD1A-4B76-A544-BBB02AA8382E}.Debug|Any CPU.ActiveCfg = Debug|Any CPU
		{00DC4E43-FD1A-4B76-A544-BBB02AA8382E}.Debug|Any CPU.Build.0 = Debug|Any CPU
		{00DC4E43-FD1A-4B76-A544-BBB02AA8382E}.Release|Any CPU.ActiveCfg = Release|Any CPU
		{00DC4E43-FD1A-4B76-A544-BBB02AA8382E}.Release|Any CPU.Build.0 = Release|Any CPU
		{35BF1A19-A7E1-43A9-BC68-1541D3F22A9B}.Debug|Any CPU.ActiveCfg = Debug|Any CPU
		{35BF1A19-A7E1-43A9-BC68-1541D3F22A9B}.Debug|Any CPU.Build.0 = Debug|Any CPU
		{35BF1A19-A7E1-43A9-BC68-1541D3F22A9B}.Release|Any CPU.ActiveCfg = Release|Any CPU
		{35BF1A19-A7E1-43A9-BC68-1541D3F22A9B}.Release|Any CPU.Build.0 = Release|Any CPU
		{6E8AEB73-17FD-49BE-B008-9AC53DA662D8}.Debug|Any CPU.ActiveCfg = Debug|Any CPU
		{6E8AEB73-17FD-49BE-B008-9AC53DA662D8}.Debug|Any CPU.Build.0 = Debug|Any CPU
		{6E8AEB73-17FD-49BE-B008-9AC53DA662D8}.Release|Any CPU.ActiveCfg = Release|Any CPU
		{6E8AEB73-17FD-49BE-B008-9AC53DA662D8}.Release|Any CPU.Build.0 = Release|Any CPU
		{71C78967-2E6D-4195-8702-6D28A07C3D39}.Debug|Any CPU.ActiveCfg = Debug|Any CPU
		{71C78967-2E6D-4195-8702-6D28A07C3D39}.Debug|Any CPU.Build.0 = Debug|Any CPU
		{71C78967-2E6D-4195-8702-6D28A07C3D39}.Release|Any CPU.ActiveCfg = Release|Any CPU
		{71C78967-2E6D-4195-8702-6D28A07C3D39}.Release|Any CPU.Build.0 = Release|Any CPU
		{226B9E72-48CF-486C-ABBE-6A79E494DE39}.Debug|Any CPU.ActiveCfg = Debug|Any CPU
		{226B9E72-48CF-486C-ABBE-6A79E494DE39}.Debug|Any CPU.Build.0 = Debug|Any CPU
		{226B9E72-48CF-486C-ABBE-6A79E494DE39}.Release|Any CPU.ActiveCfg = Release|Any CPU
		{226B9E72-48CF-486C-ABBE-6A79E494DE39}.Release|Any CPU.Build.0 = Release|Any CPU
	EndGlobalSection
	GlobalSection(SolutionProperties) = preSolution
		HideSolutionNode = FALSE
	EndGlobalSection
	GlobalSection(NestedProjects) = preSolution
		{074C3A3C-0D54-4E3E-89B7-CD5BDCF9681C} = {36F9BA8B-AF5E-4B0A-95DD-14BA1BC7E483}
		{FED69660-512F-49A9-B9CC-5D5C48DC7910} = {074C3A3C-0D54-4E3E-89B7-CD5BDCF9681C}
		{AE41F1C0-4C94-43A5-86AE-DC1D63566E49} = {353E20B4-5E1D-47F6-904D-036CAE97A3BD}
		{BA24E264-4C40-494A-8CAE-FC0B838D32BB} = {36F9BA8B-AF5E-4B0A-95DD-14BA1BC7E483}
		{281D5254-BD7C-492B-B6BF-46E1F01B7DCF} = {BA24E264-4C40-494A-8CAE-FC0B838D32BB}
		{5DB9CFC8-083F-4CBC-9DC4-04EDD1A81786} = {36F9BA8B-AF5E-4B0A-95DD-14BA1BC7E483}
		{C31238C9-C7B1-465F-A736-B1EF0B971050} = {5DB9CFC8-083F-4CBC-9DC4-04EDD1A81786}
		{3168949B-5A9B-487C-BA1A-EBF063B2DF18} = {36F9BA8B-AF5E-4B0A-95DD-14BA1BC7E483}
		{00DC4E43-FD1A-4B76-A544-BBB02AA8382E} = {3168949B-5A9B-487C-BA1A-EBF063B2DF18}
		{35BF1A19-A7E1-43A9-BC68-1541D3F22A9B} = {3168949B-5A9B-487C-BA1A-EBF063B2DF18}
		{6E8AEB73-17FD-49BE-B008-9AC53DA662D8} = {3168949B-5A9B-487C-BA1A-EBF063B2DF18}
		{71C78967-2E6D-4195-8702-6D28A07C3D39} = {3168949B-5A9B-487C-BA1A-EBF063B2DF18}
		{226B9E72-48CF-486C-ABBE-6A79E494DE39} = {353E20B4-5E1D-47F6-904D-036CAE97A3BD}
	EndGlobalSection
	GlobalSection(ExtensibilityGlobals) = postSolution
		SolutionGuid = {78905F9B-D16C-410B-98C8-E57A38A3061C}
	EndGlobalSection
EndGlobal
